
Microsoft Visual Studio Solution File, Format Version 12.00
# Visual Studio Version 16
VisualStudioVersion = 16.0.30611.23
MinimumVisualStudioVersion = 10.0.40219.1
Project("{FAE04EC0-301F-11D3-BF4B-00C04F79EFBC}") = "DataAccess", "DataAccess\DataAccess.csproj", "{E2437A6F-D790-49D8-A15F-3416387065B0}"
EndProject
Project("{FAE04EC0-301F-11D3-BF4B-00C04F79EFBC}") = "Business", "Business\Business.csproj", "{CA4BC68B-B369-4D41-84BC-37AD4B072C51}"
EndProject
Project("{FAE04EC0-301F-11D3-BF4B-00C04F79EFBC}") = "Entities", "Entities\Entities.csproj", "{38703B84-A3EA-4A01-996F-341CD23525A2}"
EndProject
Project("{FAE04EC0-301F-11D3-BF4B-00C04F79EFBC}") = "ConsoleUI", "ConsoleUI\ConsoleUI.csproj", "{0A827D2F-2DF1-44E8-B229-ADC558CFF97C}"
EndProject
Global
	GlobalSection(SolutionConfigurationPlatforms) = preSolution
		Debug|Any CPU = Debug|Any CPU
		Release|Any CPU = Release|Any CPU
	EndGlobalSection
	GlobalSection(ProjectConfigurationPlatforms) = postSolution
		{E2437A6F-D790-49D8-A15F-3416387065B0}.Debug|Any CPU.ActiveCfg = Debug|Any CPU
		{E2437A6F-D790-49D8-A15F-3416387065B0}.Debug|Any CPU.Build.0 = Debug|Any CPU
		{E2437A6F-D790-49D8-A15F-3416387065B0}.Release|Any CPU.ActiveCfg = Release|Any CPU
		{E2437A6F-D790-49D8-A15F-3416387065B0}.Release|Any CPU.Build.0 = Release|Any CPU
		{CA4BC68B-B369-4D41-84BC-37AD4B072C51}.Debug|Any CPU.ActiveCfg = Debug|Any CPU
		{CA4BC68B-B369-4D41-84BC-37AD4B072C51}.Debug|Any CPU.Build.0 = Debug|Any CPU
		{CA4BC68B-B369-4D41-84BC-37AD4B072C51}.Release|Any CPU.ActiveCfg = Release|Any CPU
		{CA4BC68B-B369-4D41-84BC-37AD4B072C51}.Release|Any CPU.Build.0 = Release|Any CPU
		{38703B84-A3EA-4A01-996F-341CD23525A2}.Debug|Any CPU.ActiveCfg = Debug|Any CPU
		{38703B84-A3EA-4A01-996F-341CD23525A2}.Debug|Any CPU.Build.0 = Debug|Any CPU
		{38703B84-A3EA-4A01-996F-341CD23525A2}.Release|Any CPU.ActiveCfg = Release|Any CPU
		{38703B84-A3EA-4A01-996F-341CD23525A2}.Release|Any CPU.Build.0 = Release|Any CPU
		{0A827D2F-2DF1-44E8-B229-ADC558CFF97C}.Debug|Any CPU.ActiveCfg = Debug|Any CPU
		{0A827D2F-2DF1-44E8-B229-ADC558CFF97C}.Debug|Any CPU.Build.0 = Debug|Any CPU
		{0A827D2F-2DF1-44E8-B229-ADC558CFF97C}.Release|Any CPU.ActiveCfg = Release|Any CPU
		{0A827D2F-2DF1-44E8-B229-ADC558CFF97C}.Release|Any CPU.Build.0 = Release|Any CPU
	EndGlobalSection
	GlobalSection(SolutionProperties) = preSolution
		HideSolutionNode = FALSE
	EndGlobalSection
	GlobalSection(ExtensibilityGlobals) = postSolution
		SolutionGuid = {A40463D5-34CB-4A74-B2E0-008F22D5118B}
	EndGlobalSection
EndGlobal
